
Microsoft Visual Studio Solution File, Format Version 12.00
# Visual Studio Version 17
VisualStudioVersion = 17.0.31903.59
MinimumVisualStudioVersion = 10.0.40219.1
Project("{FAE04EC0-301F-11D3-BF4B-00C04F79EFBC}") = "Orderflow.Messaging.Abstractions", "Orderflow.Messaging.Abstractions\Orderflow.Messaging.Abstractions.csproj", "{8012F983-4CCE-45F4-A602-BD48B2BC441E}"
EndProject
Project("{FAE04EC0-301F-11D3-BF4B-00C04F79EFBC}") = "OrderFlow.Messaging.Core", "OrderFlow.Messaging.Core\OrderFlow.Messaging.Core.csproj", "{7B3958B9-3367-467C-B60E-73A7AED4C735}"
EndProject
Global
	GlobalSection(SolutionConfigurationPlatforms) = preSolution
		Debug|Any CPU = Debug|Any CPU
		Release|Any CPU = Release|Any CPU
	EndGlobalSection
	GlobalSection(ProjectConfigurationPlatforms) = postSolution
		{8012F983-4CCE-45F4-A602-BD48B2BC441E}.Debug|Any CPU.ActiveCfg = Debug|Any CPU
		{8012F983-4CCE-45F4-A602-BD48B2BC441E}.Debug|Any CPU.Build.0 = Debug|Any CPU
		{8012F983-4CCE-45F4-A602-BD48B2BC441E}.Release|Any CPU.ActiveCfg = Release|Any CPU
		{8012F983-4CCE-45F4-A602-BD48B2BC441E}.Release|Any CPU.Build.0 = Release|Any CPU
		{7B3958B9-3367-467C-B60E-73A7AED4C735}.Debug|Any CPU.ActiveCfg = Debug|Any CPU
		{7B3958B9-3367-467C-B60E-73A7AED4C735}.Debug|Any CPU.Build.0 = Debug|Any CPU
		{7B3958B9-3367-467C-B60E-73A7AED4C735}.Release|Any CPU.ActiveCfg = Release|Any CPU
		{7B3958B9-3367-467C-B60E-73A7AED4C735}.Release|Any CPU.Build.0 = Release|Any CPU
	EndGlobalSection
	GlobalSection(SolutionProperties) = preSolution
		HideSolutionNode = FALSE
	EndGlobalSection
	GlobalSection(ExtensibilityGlobals) = postSolution
		SolutionGuid = {2B900CB1-9102-4078-9B2D-918A91725AA9}
	EndGlobalSection
EndGlobal
